
Microsoft Visual Studio Solution File, Format Version 12.00
# Visual Studio Version 17
VisualStudioVersion = 17.13.35931.197 d17.13
MinimumVisualStudioVersion = 10.0.40219.1
Project("{FAE04EC0-301F-11D3-BF4B-00C04F79EFBC}") = "Shared", "Shared\Shared.csproj", "{E6C98919-5F72-45A1-A7DC-37C4268860C8}"
EndProject
Project("{2150E333-8FDC-42A3-9474-1A3956D46DE8}") = "Solution Items", "Solution Items", "{14361C81-4ECC-47AD-AEC1-463E69EEAEE3}"
	ProjectSection(SolutionItems) = preProject
		compose.yaml = compose.yaml
	EndProjectSection
EndProject
Project("{FAE04EC0-301F-11D3-BF4B-00C04F79EFBC}") = "ApiGateway", "ApiGateway\ApiGateway.csproj", "{BDF03406-03B8-4EBE-8BE9-4511810500B1}"
EndProject
Project("{FAE04EC0-301F-11D3-BF4B-00C04F79EFBC}") = "DocAI.AppHost", "DocAI.AppHost\DocAI.AppHost.csproj", "{9F57E377-9B46-4EA4-86BA-EED140AC27CB}"
EndProject
Project("{2150E333-8FDC-42A3-9474-1A3956D46DE8}") = "Services", "Services", "{9BCC69C1-A7A5-4C29-AE39-98F3D480B831}"
EndProject
Project("{2150E333-8FDC-42A3-9474-1A3956D46DE8}") = "AI", "AI", "{4A649C58-4570-49BC-9FB1-8E6E99C9B00A}"
EndProject
Project("{2150E333-8FDC-42A3-9474-1A3956D46DE8}") = "Document", "Document", "{94E89EE4-6FB2-497C-955F-CEBBFEC79C03}"
EndProject
Project("{2150E333-8FDC-42A3-9474-1A3956D46DE8}") = "Auth", "Auth", "{4E3A103E-C07A-42A2-B39B-580BD3E3B821}"
EndProject
Project("{2150E333-8FDC-42A3-9474-1A3956D46DE8}") = "Notification", "Notification", "{27935791-306D-4EB0-821C-12BC069B4187}"
EndProject
Project("{FAE04EC0-301F-11D3-BF4B-00C04F79EFBC}") = "AI.Domain", "Services\AI\AI.Domain\AI.Domain.csproj", "{2D616018-E8CE-464B-98B2-B58226CD1A9E}"
EndProject
Project("{FAE04EC0-301F-11D3-BF4B-00C04F79EFBC}") = "AI.Infrastructure", "Services\AI\AI.Infrastructure\AI.Infrastructure.csproj", "{2E254D2D-80DB-4B35-92EA-56B718CF1D98}"
EndProject
Project("{FAE04EC0-301F-11D3-BF4B-00C04F79EFBC}") = "AI.API", "Services\AI\AI.API\AI.API.csproj", "{70978A68-43A2-44BE-AE22-CD10C45ACDB5}"
EndProject
Project("{FAE04EC0-301F-11D3-BF4B-00C04F79EFBC}") = "Auth.Domain", "Services\Auth\Auth.Domain\Auth.Domain.csproj", "{53C02B89-978F-453C-899A-A47C8BC42030}"
EndProject
Project("{FAE04EC0-301F-11D3-BF4B-00C04F79EFBC}") = "Auth.Infrastructure", "Services\Auth\Auth.Infrastructure\Auth.Infrastructure.csproj", "{50FA5EED-E57A-46D4-B4BC-9850F6C7F50B}"
EndProject
Project("{FAE04EC0-301F-11D3-BF4B-00C04F79EFBC}") = "Auth.API", "Services\Auth\Auth.API\Auth.API.csproj", "{4466F698-0A51-4AE6-94DC-AA9AD7D18290}"
EndProject
Project("{FAE04EC0-301F-11D3-BF4B-00C04F79EFBC}") = "Document.Domain", "Services\Document\Document.Domain\Document.Domain.csproj", "{91C50993-3893-4602-B06C-B59C50975873}"
EndProject
Project("{FAE04EC0-301F-11D3-BF4B-00C04F79EFBC}") = "Document.Infrastructure", "Services\Document\Document.Infrastructure\Document.Infrastructure.csproj", "{4BD21104-28CD-4C99-8CF2-6FD1B34758A4}"
EndProject
Project("{FAE04EC0-301F-11D3-BF4B-00C04F79EFBC}") = "Document.API", "Services\Document\Document.API\Document.API.csproj", "{45738248-D3B3-48E0-B797-EE49905EAD79}"
EndProject
Project("{FAE04EC0-301F-11D3-BF4B-00C04F79EFBC}") = "Notification.Domain", "Services\Notification\Notification.Domain\Notification.Domain.csproj", "{4622688D-5730-4D4D-9780-61B152F77D19}"
EndProject
Project("{FAE04EC0-301F-11D3-BF4B-00C04F79EFBC}") = "Notification.Infrastructure", "Services\Notification\Notification.Infrastructure\Notification.Infrastructure.csproj", "{35C45FEA-3CDE-4CD6-A0CA-A6125E0CDBFB}"
EndProject
Project("{FAE04EC0-301F-11D3-BF4B-00C04F79EFBC}") = "Notification.API", "Services\Notification\Notification.API\Notification.API.csproj", "{A190B665-11CF-4FC2-A1AF-1FF56589480C}"
EndProject
Global
	GlobalSection(SolutionConfigurationPlatforms) = preSolution
		Debug|Any CPU = Debug|Any CPU
		Release|Any CPU = Release|Any CPU
	EndGlobalSection
	GlobalSection(ProjectConfigurationPlatforms) = postSolution
		{E6C98919-5F72-45A1-A7DC-37C4268860C8}.Debug|Any CPU.ActiveCfg = Debug|Any CPU
		{E6C98919-5F72-45A1-A7DC-37C4268860C8}.Debug|Any CPU.Build.0 = Debug|Any CPU
		{E6C98919-5F72-45A1-A7DC-37C4268860C8}.Release|Any CPU.ActiveCfg = Release|Any CPU
		{E6C98919-5F72-45A1-A7DC-37C4268860C8}.Release|Any CPU.Build.0 = Release|Any CPU
		{BDF03406-03B8-4EBE-8BE9-4511810500B1}.Debug|Any CPU.ActiveCfg = Debug|Any CPU
		{BDF03406-03B8-4EBE-8BE9-4511810500B1}.Debug|Any CPU.Build.0 = Debug|Any CPU
		{BDF03406-03B8-4EBE-8BE9-4511810500B1}.Release|Any CPU.ActiveCfg = Release|Any CPU
		{BDF03406-03B8-4EBE-8BE9-4511810500B1}.Release|Any CPU.Build.0 = Release|Any CPU
		{9F57E377-9B46-4EA4-86BA-EED140AC27CB}.Debug|Any CPU.ActiveCfg = Debug|Any CPU
		{9F57E377-9B46-4EA4-86BA-EED140AC27CB}.Debug|Any CPU.Build.0 = Debug|Any CPU
		{9F57E377-9B46-4EA4-86BA-EED140AC27CB}.Release|Any CPU.ActiveCfg = Release|Any CPU
		{9F57E377-9B46-4EA4-86BA-EED140AC27CB}.Release|Any CPU.Build.0 = Release|Any CPU
		{2D616018-E8CE-464B-98B2-B58226CD1A9E}.Debug|Any CPU.ActiveCfg = Debug|Any CPU
		{2D616018-E8CE-464B-98B2-B58226CD1A9E}.Debug|Any CPU.Build.0 = Debug|Any CPU
		{2D616018-E8CE-464B-98B2-B58226CD1A9E}.Release|Any CPU.ActiveCfg = Release|Any CPU
		{2D616018-E8CE-464B-98B2-B58226CD1A9E}.Release|Any CPU.Build.0 = Release|Any CPU
		{2E254D2D-80DB-4B35-92EA-56B718CF1D98}.Debug|Any CPU.ActiveCfg = Debug|Any CPU
		{2E254D2D-80DB-4B35-92EA-56B718CF1D98}.Debug|Any CPU.Build.0 = Debug|Any CPU
		{2E254D2D-80DB-4B35-92EA-56B718CF1D98}.Release|Any CPU.ActiveCfg = Release|Any CPU
		{2E254D2D-80DB-4B35-92EA-56B718CF1D98}.Release|Any CPU.Build.0 = Release|Any CPU
		{70978A68-43A2-44BE-AE22-CD10C45ACDB5}.Debug|Any CPU.ActiveCfg = Debug|Any CPU
		{70978A68-43A2-44BE-AE22-CD10C45ACDB5}.Debug|Any CPU.Build.0 = Debug|Any CPU
		{70978A68-43A2-44BE-AE22-CD10C45ACDB5}.Release|Any CPU.ActiveCfg = Release|Any CPU
		{70978A68-43A2-44BE-AE22-CD10C45ACDB5}.Release|Any CPU.Build.0 = Release|Any CPU
		{53C02B89-978F-453C-899A-A47C8BC42030}.Debug|Any CPU.ActiveCfg = Debug|Any CPU
		{53C02B89-978F-453C-899A-A47C8BC42030}.Debug|Any CPU.Build.0 = Debug|Any CPU
		{53C02B89-978F-453C-899A-A47C8BC42030}.Release|Any CPU.ActiveCfg = Release|Any CPU
		{53C02B89-978F-453C-899A-A47C8BC42030}.Release|Any CPU.Build.0 = Release|Any CPU
		{50FA5EED-E57A-46D4-B4BC-9850F6C7F50B}.Debug|Any CPU.ActiveCfg = Debug|Any CPU
		{50FA5EED-E57A-46D4-B4BC-9850F6C7F50B}.Debug|Any CPU.Build.0 = Debug|Any CPU
		{50FA5EED-E57A-46D4-B4BC-9850F6C7F50B}.Release|Any CPU.ActiveCfg = Release|Any CPU
		{50FA5EED-E57A-46D4-B4BC-9850F6C7F50B}.Release|Any CPU.Build.0 = Release|Any CPU
		{4466F698-0A51-4AE6-94DC-AA9AD7D18290}.Debug|Any CPU.ActiveCfg = Debug|Any CPU
		{4466F698-0A51-4AE6-94DC-AA9AD7D18290}.Debug|Any CPU.Build.0 = Debug|Any CPU
		{4466F698-0A51-4AE6-94DC-AA9AD7D18290}.Release|Any CPU.ActiveCfg = Release|Any CPU
		{4466F698-0A51-4AE6-94DC-AA9AD7D18290}.Release|Any CPU.Build.0 = Release|Any CPU
		{91C50993-3893-4602-B06C-B59C50975873}.Debug|Any CPU.ActiveCfg = Debug|Any CPU
		{91C50993-3893-4602-B06C-B59C50975873}.Debug|Any CPU.Build.0 = Debug|Any CPU
		{91C50993-3893-4602-B06C-B59C50975873}.Release|Any CPU.ActiveCfg = Release|Any CPU
		{91C50993-3893-4602-B06C-B59C50975873}.Release|Any CPU.Build.0 = Release|Any CPU
		{4BD21104-28CD-4C99-8CF2-6FD1B34758A4}.Debug|Any CPU.ActiveCfg = Debug|Any CPU
		{4BD21104-28CD-4C99-8CF2-6FD1B34758A4}.Debug|Any CPU.Build.0 = Debug|Any CPU
		{4BD21104-28CD-4C99-8CF2-6FD1B34758A4}.Release|Any CPU.ActiveCfg = Release|Any CPU
		{4BD21104-28CD-4C99-8CF2-6FD1B34758A4}.Release|Any CPU.Build.0 = Release|Any CPU
		{45738248-D3B3-48E0-B797-EE49905EAD79}.Debug|Any CPU.ActiveCfg = Debug|Any CPU
		{45738248-D3B3-48E0-B797-EE49905EAD79}.Debug|Any CPU.Build.0 = Debug|Any CPU
		{45738248-D3B3-48E0-B797-EE49905EAD79}.Release|Any CPU.ActiveCfg = Release|Any CPU
		{45738248-D3B3-48E0-B797-EE49905EAD79}.Release|Any CPU.Build.0 = Release|Any CPU
		{4622688D-5730-4D4D-9780-61B152F77D19}.Debug|Any CPU.ActiveCfg = Debug|Any CPU
		{4622688D-5730-4D4D-9780-61B152F77D19}.Debug|Any CPU.Build.0 = Debug|Any CPU
		{4622688D-5730-4D4D-9780-61B152F77D19}.Release|Any CPU.ActiveCfg = Release|Any CPU
		{4622688D-5730-4D4D-9780-61B152F77D19}.Release|Any CPU.Build.0 = Release|Any CPU
		{35C45FEA-3CDE-4CD6-A0CA-A6125E0CDBFB}.Debug|Any CPU.ActiveCfg = Debug|Any CPU
		{35C45FEA-3CDE-4CD6-A0CA-A6125E0CDBFB}.Debug|Any CPU.Build.0 = Debug|Any CPU
		{35C45FEA-3CDE-4CD6-A0CA-A6125E0CDBFB}.Release|Any CPU.ActiveCfg = Release|Any CPU
		{35C45FEA-3CDE-4CD6-A0CA-A6125E0CDBFB}.Release|Any CPU.Build.0 = Release|Any CPU
		{A190B665-11CF-4FC2-A1AF-1FF56589480C}.Debug|Any CPU.ActiveCfg = Debug|Any CPU
		{A190B665-11CF-4FC2-A1AF-1FF56589480C}.Debug|Any CPU.Build.0 = Debug|Any CPU
		{A190B665-11CF-4FC2-A1AF-1FF56589480C}.Release|Any CPU.ActiveCfg = Release|Any CPU
		{A190B665-11CF-4FC2-A1AF-1FF56589480C}.Release|Any CPU.Build.0 = Release|Any CPU
	EndGlobalSection
	GlobalSection(SolutionProperties) = preSolution
		HideSolutionNode = FALSE
	EndGlobalSection
	GlobalSection(NestedProjects) = preSolution
		{4A649C58-4570-49BC-9FB1-8E6E99C9B00A} = {9BCC69C1-A7A5-4C29-AE39-98F3D480B831}
		{94E89EE4-6FB2-497C-955F-CEBBFEC79C03} = {9BCC69C1-A7A5-4C29-AE39-98F3D480B831}
		{4E3A103E-C07A-42A2-B39B-580BD3E3B821} = {9BCC69C1-A7A5-4C29-AE39-98F3D480B831}
		{27935791-306D-4EB0-821C-12BC069B4187} = {9BCC69C1-A7A5-4C29-AE39-98F3D480B831}
		{2D616018-E8CE-464B-98B2-B58226CD1A9E} = {4A649C58-4570-49BC-9FB1-8E6E99C9B00A}
		{2E254D2D-80DB-4B35-92EA-56B718CF1D98} = {4A649C58-4570-49BC-9FB1-8E6E99C9B00A}
		{70978A68-43A2-44BE-AE22-CD10C45ACDB5} = {4A649C58-4570-49BC-9FB1-8E6E99C9B00A}
		{53C02B89-978F-453C-899A-A47C8BC42030} = {4E3A103E-C07A-42A2-B39B-580BD3E3B821}
		{50FA5EED-E57A-46D4-B4BC-9850F6C7F50B} = {4E3A103E-C07A-42A2-B39B-580BD3E3B821}
		{4466F698-0A51-4AE6-94DC-AA9AD7D18290} = {4E3A103E-C07A-42A2-B39B-580BD3E3B821}
		{91C50993-3893-4602-B06C-B59C50975873} = {94E89EE4-6FB2-497C-955F-CEBBFEC79C03}
		{4BD21104-28CD-4C99-8CF2-6FD1B34758A4} = {94E89EE4-6FB2-497C-955F-CEBBFEC79C03}
		{45738248-D3B3-48E0-B797-EE49905EAD79} = {94E89EE4-6FB2-497C-955F-CEBBFEC79C03}
		{4622688D-5730-4D4D-9780-61B152F77D19} = {27935791-306D-4EB0-821C-12BC069B4187}
		{35C45FEA-3CDE-4CD6-A0CA-A6125E0CDBFB} = {27935791-306D-4EB0-821C-12BC069B4187}
		{A190B665-11CF-4FC2-A1AF-1FF56589480C} = {27935791-306D-4EB0-821C-12BC069B4187}
	EndGlobalSection
EndGlobal
